// !$*UTF8*$!
{
	archiveVersion = 1;
	classes = {
	};
	objectVersion = 50;
	objects = {

/* Begin PBXBuildFile section */
		8B853A6EA28538DEB0383D9C /* Pods_Branch_Terms.framework in Frameworks */ = {isa = PBXBuildFile; fileRef = F731BA3DDEE8739453052460 /* Pods_Branch_Terms.framework */; };
		8C8A0B0524736D5B00EA08CB /* AppDelegate.swift in Sources */ = {isa = PBXBuildFile; fileRef = 8C8A0B0424736D5B00EA08CB /* AppDelegate.swift */; };
		8C8A0B0724736D5B00EA08CB /* SceneDelegate.swift in Sources */ = {isa = PBXBuildFile; fileRef = 8C8A0B0624736D5B00EA08CB /* SceneDelegate.swift */; };
		8C8A0B0C24736D5B00EA08CB /* Main.storyboard in Resources */ = {isa = PBXBuildFile; fileRef = 8C8A0B0A24736D5B00EA08CB /* Main.storyboard */; };
		8C8A0B0E24736D5F00EA08CB /* Assets.xcassets in Resources */ = {isa = PBXBuildFile; fileRef = 8C8A0B0D24736D5F00EA08CB /* Assets.xcassets */; };
		8C8A0B1124736D5F00EA08CB /* LaunchScreen.storyboard in Resources */ = {isa = PBXBuildFile; fileRef = 8C8A0B0F24736D5F00EA08CB /* LaunchScreen.storyboard */; };
		8C8A0B192473770C00EA08CB /* BranchTermsTableViewController.swift in Sources */ = {isa = PBXBuildFile; fileRef = 8C8A0B182473770C00EA08CB /* BranchTermsTableViewController.swift */; };
		8C8A0B1B24742AE400EA08CB /* BranchTermDetailViewController.swift in Sources */ = {isa = PBXBuildFile; fileRef = 8C8A0B1A24742AE400EA08CB /* BranchTermDetailViewController.swift */; };
/* End PBXBuildFile section */

/* Begin PBXFileReference section */
		447F22E4771D65854FE643CF /* Pods-Branch Terms.release.xcconfig */ = {isa = PBXFileReference; includeInIndex = 1; lastKnownFileType = text.xcconfig; name = "Pods-Branch Terms.release.xcconfig"; path = "Target Support Files/Pods-Branch Terms/Pods-Branch Terms.release.xcconfig"; sourceTree = "<group>"; };
		8C1F8FE724744F360058D0B0 /* Branch TermsRelease.entitlements */ = {isa = PBXFileReference; lastKnownFileType = text.plist.entitlements; path = "Branch TermsRelease.entitlements"; sourceTree = "<group>"; };
		8C8A0B0124736D5B00EA08CB /* Branch Terms.app */ = {isa = PBXFileReference; explicitFileType = wrapper.application; includeInIndex = 0; path = "Branch Terms.app"; sourceTree = BUILT_PRODUCTS_DIR; };
		8C8A0B0424736D5B00EA08CB /* AppDelegate.swift */ = {isa = PBXFileReference; lastKnownFileType = sourcecode.swift; path = AppDelegate.swift; sourceTree = "<group>"; };
		8C8A0B0624736D5B00EA08CB /* SceneDelegate.swift */ = {isa = PBXFileReference; lastKnownFileType = sourcecode.swift; path = SceneDelegate.swift; sourceTree = "<group>"; };
		8C8A0B0B24736D5B00EA08CB /* Base */ = {isa = PBXFileReference; lastKnownFileType = file.storyboard; name = Base; path = Base.lproj/Main.storyboard; sourceTree = "<group>"; };
		8C8A0B0D24736D5F00EA08CB /* Assets.xcassets */ = {isa = PBXFileReference; lastKnownFileType = folder.assetcatalog; path = Assets.xcassets; sourceTree = "<group>"; };
		8C8A0B1024736D5F00EA08CB /* Base */ = {isa = PBXFileReference; lastKnownFileType = file.storyboard; name = Base; path = Base.lproj/LaunchScreen.storyboard; sourceTree = "<group>"; };
		8C8A0B1224736D5F00EA08CB /* Info.plist */ = {isa = PBXFileReference; lastKnownFileType = text.plist.xml; path = Info.plist; sourceTree = "<group>"; };
		8C8A0B182473770C00EA08CB /* BranchTermsTableViewController.swift */ = {isa = PBXFileReference; lastKnownFileType = sourcecode.swift; path = BranchTermsTableViewController.swift; sourceTree = "<group>"; };
		8C8A0B1A24742AE400EA08CB /* BranchTermDetailViewController.swift */ = {isa = PBXFileReference; lastKnownFileType = sourcecode.swift; path = BranchTermDetailViewController.swift; sourceTree = "<group>"; };
		AC77D03E452E584B8BC63858 /* Pods-Branch Terms.debug.xcconfig */ = {isa = PBXFileReference; includeInIndex = 1; lastKnownFileType = text.xcconfig; name = "Pods-Branch Terms.debug.xcconfig"; path = "Target Support Files/Pods-Branch Terms/Pods-Branch Terms.debug.xcconfig"; sourceTree = "<group>"; };
		F731BA3DDEE8739453052460 /* Pods_Branch_Terms.framework */ = {isa = PBXFileReference; explicitFileType = wrapper.framework; includeInIndex = 0; path = Pods_Branch_Terms.framework; sourceTree = BUILT_PRODUCTS_DIR; };
/* End PBXFileReference section */

/* Begin PBXFrameworksBuildPhase section */
		8C8A0AFE24736D5B00EA08CB /* Frameworks */ = {
			isa = PBXFrameworksBuildPhase;
			buildActionMask = 2147483647;
			files = (
				8B853A6EA28538DEB0383D9C /* Pods_Branch_Terms.framework in Frameworks */,
			);
			runOnlyForDeploymentPostprocessing = 0;
		};
/* End PBXFrameworksBuildPhase section */

/* Begin PBXGroup section */
		8C8A0AF824736D5B00EA08CB = {
			isa = PBXGroup;
			children = (
				8C8A0B0324736D5B00EA08CB /* Branch Terms */,
				8C8A0B0224736D5B00EA08CB /* Products */,
				CFE17BD65D539DECD75E4092 /* Pods */,
				D4A29564523EC8FF48737B84 /* Frameworks */,
			);
			sourceTree = "<group>";
		};
		8C8A0B0224736D5B00EA08CB /* Products */ = {
			isa = PBXGroup;
			children = (
				8C8A0B0124736D5B00EA08CB /* Branch Terms.app */,
			);
			name = Products;
			sourceTree = "<group>";
		};
		8C8A0B0324736D5B00EA08CB /* Branch Terms */ = {
			isa = PBXGroup;
			children = (
				8C1F8FE724744F360058D0B0 /* Branch TermsRelease.entitlements */,
				8C8A0B0424736D5B00EA08CB /* AppDelegate.swift */,
				8C8A0B0624736D5B00EA08CB /* SceneDelegate.swift */,
				8C8A0B0A24736D5B00EA08CB /* Main.storyboard */,
				8C8A0B0D24736D5F00EA08CB /* Assets.xcassets */,
				8C8A0B0F24736D5F00EA08CB /* LaunchScreen.storyboard */,
				8C8A0B1224736D5F00EA08CB /* Info.plist */,
				8C8A0B182473770C00EA08CB /* BranchTermsTableViewController.swift */,
				8C8A0B1A24742AE400EA08CB /* BranchTermDetailViewController.swift */,
			);
			path = "Branch Terms";
			sourceTree = "<group>";
		};
		CFE17BD65D539DECD75E4092 /* Pods */ = {
			isa = PBXGroup;
			children = (
				AC77D03E452E584B8BC63858 /* Pods-Branch Terms.debug.xcconfig */,
				447F22E4771D65854FE643CF /* Pods-Branch Terms.release.xcconfig */,
			);
			name = Pods;
			path = Pods;
			sourceTree = "<group>";
		};
		D4A29564523EC8FF48737B84 /* Frameworks */ = {
			isa = PBXGroup;
			children = (
				F731BA3DDEE8739453052460 /* Pods_Branch_Terms.framework */,
			);
			name = Frameworks;
			sourceTree = "<group>";
		};
/* End PBXGroup section */

/* Begin PBXNativeTarget section */
		8C8A0B0024736D5B00EA08CB /* Branch Terms */ = {
			isa = PBXNativeTarget;
			buildConfigurationList = 8C8A0B1524736D5F00EA08CB /* Build configuration list for PBXNativeTarget "Branch Terms" */;
			buildPhases = (
				00A90FBDC3489970E326E781 /* [CP] Check Pods Manifest.lock */,
				8C8A0AFD24736D5B00EA08CB /* Sources */,
				8C8A0AFE24736D5B00EA08CB /* Frameworks */,
				8C8A0AFF24736D5B00EA08CB /* Resources */,
				7A1C6C0B1B25D1D372CB4044 /* [CP] Embed Pods Frameworks */,
			);
			buildRules = (
			);
			dependencies = (
			);
			name = "Branch Terms";
			productName = "Branch Terms";
			productReference = 8C8A0B0124736D5B00EA08CB /* Branch Terms.app */;
			productType = "com.apple.product-type.application";
		};
/* End PBXNativeTarget section */

/* Begin PBXProject section */
		8C8A0AF924736D5B00EA08CB /* Project object */ = {
			isa = PBXProject;
			attributes = {
				LastSwiftUpdateCheck = 1140;
				LastUpgradeCheck = 1140;
				ORGANIZATIONNAME = "Mike Horn";
				TargetAttributes = {
					8C8A0B0024736D5B00EA08CB = {
						CreatedOnToolsVersion = 11.4.1;
					};
				};
			};
			buildConfigurationList = 8C8A0AFC24736D5B00EA08CB /* Build configuration list for PBXProject "Branch Terms" */;
			compatibilityVersion = "Xcode 9.3";
			developmentRegion = en;
			hasScannedForEncodings = 0;
			knownRegions = (
				en,
				Base,
			);
			mainGroup = 8C8A0AF824736D5B00EA08CB;
			productRefGroup = 8C8A0B0224736D5B00EA08CB /* Products */;
			projectDirPath = "";
			projectRoot = "";
			targets = (
				8C8A0B0024736D5B00EA08CB /* Branch Terms */,
			);
		};
/* End PBXProject section */

/* Begin PBXResourcesBuildPhase section */
		8C8A0AFF24736D5B00EA08CB /* Resources */ = {
			isa = PBXResourcesBuildPhase;
			buildActionMask = 2147483647;
			files = (
				8C8A0B1124736D5F00EA08CB /* LaunchScreen.storyboard in Resources */,
				8C8A0B0E24736D5F00EA08CB /* Assets.xcassets in Resources */,
				8C8A0B0C24736D5B00EA08CB /* Main.storyboard in Resources */,
			);
			runOnlyForDeploymentPostprocessing = 0;
		};
/* End PBXResourcesBuildPhase section */

/* Begin PBXShellScriptBuildPhase section */
		00A90FBDC3489970E326E781 /* [CP] Check Pods Manifest.lock */ = {
			isa = PBXShellScriptBuildPhase;
			buildActionMask = 2147483647;
			files = (
			);
			inputFileListPaths = (
			);
			inputPaths = (
				"${PODS_PODFILE_DIR_PATH}/Podfile.lock",
				"${PODS_ROOT}/Manifest.lock",
			);
			name = "[CP] Check Pods Manifest.lock";
			outputFileListPaths = (
			);
			outputPaths = (
				"$(DERIVED_FILE_DIR)/Pods-Branch Terms-checkManifestLockResult.txt",
			);
			runOnlyForDeploymentPostprocessing = 0;
			shellPath = /bin/sh;
			shellScript = "diff \"${PODS_PODFILE_DIR_PATH}/Podfile.lock\" \"${PODS_ROOT}/Manifest.lock\" > /dev/null\nif [ $? != 0 ] ; then\n    # print error to STDERR\n    echo \"error: The sandbox is not in sync with the Podfile.lock. Run 'pod install' or update your CocoaPods installation.\" >&2\n    exit 1\nfi\n# This output is used by Xcode 'outputs' to avoid re-running this script phase.\necho \"SUCCESS\" > \"${SCRIPT_OUTPUT_FILE_0}\"\n";
			showEnvVarsInLog = 0;
		};
		7A1C6C0B1B25D1D372CB4044 /* [CP] Embed Pods Frameworks */ = {
			isa = PBXShellScriptBuildPhase;
			buildActionMask = 2147483647;
			files = (
			);
			inputFileListPaths = (
				"${PODS_ROOT}/Target Support Files/Pods-Branch Terms/Pods-Branch Terms-frameworks-${CONFIGURATION}-input-files.xcfilelist",
			);
			name = "[CP] Embed Pods Frameworks";
			outputFileListPaths = (
				"${PODS_ROOT}/Target Support Files/Pods-Branch Terms/Pods-Branch Terms-frameworks-${CONFIGURATION}-output-files.xcfilelist",
			);
			runOnlyForDeploymentPostprocessing = 0;
			shellPath = /bin/sh;
			shellScript = "\"${PODS_ROOT}/Target Support Files/Pods-Branch Terms/Pods-Branch Terms-frameworks.sh\"\n";
			showEnvVarsInLog = 0;
		};
/* End PBXShellScriptBuildPhase section */

/* Begin PBXSourcesBuildPhase section */
		8C8A0AFD24736D5B00EA08CB /* Sources */ = {
			isa = PBXSourcesBuildPhase;
			buildActionMask = 2147483647;
			files = (
				8C8A0B192473770C00EA08CB /* BranchTermsTableViewController.swift in Sources */,
				8C8A0B0524736D5B00EA08CB /* AppDelegate.swift in Sources */,
				8C8A0B0724736D5B00EA08CB /* SceneDelegate.swift in Sources */,
				8C8A0B1B24742AE400EA08CB /* BranchTermDetailViewController.swift in Sources */,
			);
			runOnlyForDeploymentPostprocessing = 0;
		};
/* End PBXSourcesBuildPhase section */

/* Begin PBXVariantGroup section */
		8C8A0B0A24736D5B00EA08CB /* Main.storyboard */ = {
			isa = PBXVariantGroup;
			children = (
				8C8A0B0B24736D5B00EA08CB /* Base */,
			);
			name = Main.storyboard;
			sourceTree = "<group>";
		};
		8C8A0B0F24736D5F00EA08CB /* LaunchScreen.storyboard */ = {
			isa = PBXVariantGroup;
			children = (
				8C8A0B1024736D5F00EA08CB /* Base */,
			);
			name = LaunchScreen.storyboard;
			sourceTree = "<group>";
		};
/* End PBXVariantGroup section */

/* Begin XCBuildConfiguration section */
		8C8A0B1324736D5F00EA08CB /* Debug */ = {
			isa = XCBuildConfiguration;
			buildSettings = {
				ALWAYS_SEARCH_USER_PATHS = NO;
				CLANG_ANALYZER_NONNULL = YES;
				CLANG_ANALYZER_NUMBER_OBJECT_CONVERSION = YES_AGGRESSIVE;
				CLANG_CXX_LANGUAGE_STANDARD = "gnu++14";
				CLANG_CXX_LIBRARY = "libc++";
				CLANG_ENABLE_MODULES = YES;
				CLANG_ENABLE_OBJC_ARC = YES;
				CLANG_ENABLE_OBJC_WEAK = YES;
				CLANG_WARN_BLOCK_CAPTURE_AUTORELEASING = YES;
				CLANG_WARN_BOOL_CONVERSION = YES;
				CLANG_WARN_COMMA = YES;
				CLANG_WARN_CONSTANT_CONVERSION = YES;
				CLANG_WARN_DEPRECATED_OBJC_IMPLEMENTATIONS = YES;
				CLANG_WARN_DIRECT_OBJC_ISA_USAGE = YES_ERROR;
				CLANG_WARN_DOCUMENTATION_COMMENTS = YES;
				CLANG_WARN_EMPTY_BODY = YES;
				CLANG_WARN_ENUM_CONVERSION = YES;
				CLANG_WARN_INFINITE_RECURSION = YES;
				CLANG_WARN_INT_CONVERSION = YES;
				CLANG_WARN_NON_LITERAL_NULL_CONVERSION = YES;
				CLANG_WARN_OBJC_IMPLICIT_RETAIN_SELF = YES;
				CLANG_WARN_OBJC_LITERAL_CONVERSION = YES;
				CLANG_WARN_OBJC_ROOT_CLASS = YES_ERROR;
				CLANG_WARN_RANGE_LOOP_ANALYSIS = YES;
				CLANG_WARN_STRICT_PROTOTYPES = YES;
				CLANG_WARN_SUSPICIOUS_MOVE = YES;
				CLANG_WARN_UNGUARDED_AVAILABILITY = YES_AGGRESSIVE;
				CLANG_WARN_UNREACHABLE_CODE = YES;
				CLANG_WARN__DUPLICATE_METHOD_MATCH = YES;
				COPY_PHASE_STRIP = NO;
				DEBUG_INFORMATION_FORMAT = dwarf;
				ENABLE_STRICT_OBJC_MSGSEND = YES;
				ENABLE_TESTABILITY = YES;
				GCC_C_LANGUAGE_STANDARD = gnu11;
				GCC_DYNAMIC_NO_PIC = NO;
				GCC_NO_COMMON_BLOCKS = YES;
				GCC_OPTIMIZATION_LEVEL = 0;
				GCC_PREPROCESSOR_DEFINITIONS = (
					"DEBUG=1",
					"$(inherited)",
				);
				GCC_WARN_64_TO_32_BIT_CONVERSION = YES;
				GCC_WARN_ABOUT_RETURN_TYPE = YES_ERROR;
				GCC_WARN_UNDECLARED_SELECTOR = YES;
				GCC_WARN_UNINITIALIZED_AUTOS = YES_AGGRESSIVE;
				GCC_WARN_UNUSED_FUNCTION = YES;
				GCC_WARN_UNUSED_VARIABLE = YES;
				IPHONEOS_DEPLOYMENT_TARGET = 13.4;
				MTL_ENABLE_DEBUG_INFO = INCLUDE_SOURCE;
				MTL_FAST_MATH = YES;
				ONLY_ACTIVE_ARCH = YES;
				SDKROOT = iphoneos;
				SWIFT_ACTIVE_COMPILATION_CONDITIONS = DEBUG;
				SWIFT_OPTIMIZATION_LEVEL = "-Onone";
			};
			name = Debug;
		};
		8C8A0B1424736D5F00EA08CB /* Release */ = {
			isa = XCBuildConfiguration;
			buildSettings = {
				ALWAYS_SEARCH_USER_PATHS = NO;
				CLANG_ANALYZER_NONNULL = YES;
				CLANG_ANALYZER_NUMBER_OBJECT_CONVERSION = YES_AGGRESSIVE;
				CLANG_CXX_LANGUAGE_STANDARD = "gnu++14";
				CLANG_CXX_LIBRARY = "libc++";
				CLANG_ENABLE_MODULES = YES;
				CLANG_ENABLE_OBJC_ARC = YES;
				CLANG_ENABLE_OBJC_WEAK = YES;
				CLANG_WARN_BLOCK_CAPTURE_AUTORELEASING = YES;
				CLANG_WARN_BOOL_CONVERSION = YES;
				CLANG_WARN_COMMA = YES;
				CLANG_WARN_CONSTANT_CONVERSION = YES;
				CLANG_WARN_DEPRECATED_OBJC_IMPLEMENTATIONS = YES;
				CLANG_WARN_DIRECT_OBJC_ISA_USAGE = YES_ERROR;
				CLANG_WARN_DOCUMENTATION_COMMENTS = YES;
				CLANG_WARN_EMPTY_BODY = YES;
				CLANG_WARN_ENUM_CONVERSION = YES;
				CLANG_WARN_INFINITE_RECURSION = YES;
				CLANG_WARN_INT_CONVERSION = YES;
				CLANG_WARN_NON_LITERAL_NULL_CONVERSION = YES;
				CLANG_WARN_OBJC_IMPLICIT_RETAIN_SELF = YES;
				CLANG_WARN_OBJC_LITERAL_CONVERSION = YES;
				CLANG_WARN_OBJC_ROOT_CLASS = YES_ERROR;
				CLANG_WARN_RANGE_LOOP_ANALYSIS = YES;
				CLANG_WARN_STRICT_PROTOTYPES = YES;
				CLANG_WARN_SUSPICIOUS_MOVE = YES;
				CLANG_WARN_UNGUARDED_AVAILABILITY = YES_AGGRESSIVE;
				CLANG_WARN_UNREACHABLE_CODE = YES;
				CLANG_WARN__DUPLICATE_METHOD_MATCH = YES;
				COPY_PHASE_STRIP = NO;
				DEBUG_INFORMATION_FORMAT = "dwarf-with-dsym";
				ENABLE_NS_ASSERTIONS = NO;
				ENABLE_STRICT_OBJC_MSGSEND = YES;
				GCC_C_LANGUAGE_STANDARD = gnu11;
				GCC_NO_COMMON_BLOCKS = YES;
				GCC_WARN_64_TO_32_BIT_CONVERSION = YES;
				GCC_WARN_ABOUT_RETURN_TYPE = YES_ERROR;
				GCC_WARN_UNDECLARED_SELECTOR = YES;
				GCC_WARN_UNINITIALIZED_AUTOS = YES_AGGRESSIVE;
				GCC_WARN_UNUSED_FUNCTION = YES;
				GCC_WARN_UNUSED_VARIABLE = YES;
				IPHONEOS_DEPLOYMENT_TARGET = 13.4;
				MTL_ENABLE_DEBUG_INFO = NO;
				MTL_FAST_MATH = YES;
				SDKROOT = iphoneos;
				SWIFT_COMPILATION_MODE = wholemodule;
				SWIFT_OPTIMIZATION_LEVEL = "-O";
				VALIDATE_PRODUCT = YES;
			};
			name = Release;
		};
		8C8A0B1624736D5F00EA08CB /* Debug */ = {
			isa = XCBuildConfiguration;
			baseConfigurationReference = AC77D03E452E584B8BC63858 /* Pods-Branch Terms.debug.xcconfig */;
			buildSettings = {
				ASSETCATALOG_COMPILER_APPICON_NAME = AppIcon;
				CODE_SIGN_STYLE = Automatic;
				DEVELOPMENT_TEAM = V8RHQ7L5JP;
				INFOPLIST_FILE = "Branch Terms/Info.plist";
				LD_RUNPATH_SEARCH_PATHS = (
					"$(inherited)",
					"@executable_path/Frameworks",
				);
				PRODUCT_BUNDLE_IDENTIFIER = "nyc.mikehorn.Branch-Terms";
				PRODUCT_NAME = "$(TARGET_NAME)";
				SWIFT_VERSION = 5.0;
				TARGETED_DEVICE_FAMILY = "1,2";
			};
			name = Debug;
		};
		8C8A0B1724736D5F00EA08CB /* Release */ = {
			isa = XCBuildConfiguration;
			baseConfigurationReference = 447F22E4771D65854FE643CF /* Pods-Branch Terms.release.xcconfig */;
			buildSettings = {
				ASSETCATALOG_COMPILER_APPICON_NAME = AppIcon;
				CODE_SIGN_ENTITLEMENTS = "Branch Terms/Branch TermsRelease.entitlements";
				CODE_SIGN_STYLE = Automatic;
				DEVELOPMENT_TEAM = V8RHQ7L5JP;
				INFOPLIST_FILE = "Branch Terms/Info.plist";
				LD_RUNPATH_SEARCH_PATHS = (
					"$(inherited)",
					"@executable_path/Frameworks",
				);
				PRODUCT_BUNDLE_IDENTIFIER = "nyc.mikehorn.Branch-Terms";
				PRODUCT_NAME = "$(TARGET_NAME)";
				SWIFT_VERSION = 5.0;
				TARGETED_DEVICE_FAMILY = "1,2";
			};
			name = Release;
		};
/* End XCBuildConfiguration section */

/* Begin XCConfigurationList section */
		8C8A0AFC24736D5B00EA08CB /* Build configuration list for PBXProject "Branch Terms" */ = {
			isa = XCConfigurationList;
			buildConfigurations = (
				8C8A0B1324736D5F00EA08CB /* Debug */,
				8C8A0B1424736D5F00EA08CB /* Release */,
			);
			defaultConfigurationIsVisible = 0;
			defaultConfigurationName = Release;
		};
		8C8A0B1524736D5F00EA08CB /* Build configuration list for PBXNativeTarget "Branch Terms" */ = {
			isa = XCConfigurationList;
			buildConfigurations = (
				8C8A0B1624736D5F00EA08CB /* Debug */,
				8C8A0B1724736D5F00EA08CB /* Release */,
			);
			defaultConfigurationIsVisible = 0;
			defaultConfigurationName = Release;
		};
/* End XCConfigurationList section */
	};
	rootObject = 8C8A0AF924736D5B00EA08CB /* Project object */;
}
